
Microsoft Visual Studio Solution File, Format Version 12.00
# Visual Studio Version 17
VisualStudioVersion = 17.7.34221.43
MinimumVisualStudioVersion = 10.0.40219.1
Project("{FAE04EC0-301F-11D3-BF4B-00C04F79EFBC}") = "ConsoleAppBranch", "ConsoleAppBranch\ConsoleAppBranch.csproj", "{DDC2D6E6-9901-4AEB-816C-55887E3B85A0}"
EndProject
Global
	GlobalSection(SolutionConfigurationPlatforms) = preSolution
		Debug|Any CPU = Debug|Any CPU
		Release|Any CPU = Release|Any CPU
	EndGlobalSection
	GlobalSection(ProjectConfigurationPlatforms) = postSolution
		{DDC2D6E6-9901-4AEB-816C-55887E3B85A0}.Debug|Any CPU.ActiveCfg = Debug|Any CPU
		{DDC2D6E6-9901-4AEB-816C-55887E3B85A0}.Debug|Any CPU.Build.0 = Debug|Any CPU
		{DDC2D6E6-9901-4AEB-816C-55887E3B85A0}.Release|Any CPU.ActiveCfg = Release|Any CPU
		{DDC2D6E6-9901-4AEB-816C-55887E3B85A0}.Release|Any CPU.Build.0 = Release|Any CPU
	EndGlobalSection
	GlobalSection(SolutionProperties) = preSolution
		HideSolutionNode = FALSE
	EndGlobalSection
	GlobalSection(ExtensibilityGlobals) = postSolution
		SolutionGuid = {4986C716-023E-4CAA-9D46-786A4D56A20F}
	EndGlobalSection
EndGlobal
